
Microsoft Visual Studio Solution File, Format Version 12.00
# Visual Studio Version 17
VisualStudioVersion = 17.4.33122.133
MinimumVisualStudioVersion = 10.0.40219.1
Project("{FAE04EC0-301F-11D3-BF4B-00C04F79EFBC}") = "RedisStudy", "RedisStudy\RedisStudy.csproj", "{F2DCD3FD-38AD-490E-883F-91EEDC20B17D}"
EndProject
Global
	GlobalSection(SolutionConfigurationPlatforms) = preSolution
		Debug|Any CPU = Debug|Any CPU
		Release|Any CPU = Release|Any CPU
	EndGlobalSection
	GlobalSection(ProjectConfigurationPlatforms) = postSolution
		{F2DCD3FD-38AD-490E-883F-91EEDC20B17D}.Debug|Any CPU.ActiveCfg = Debug|Any CPU
		{F2DCD3FD-38AD-490E-883F-91EEDC20B17D}.Debug|Any CPU.Build.0 = Debug|Any CPU
		{F2DCD3FD-38AD-490E-883F-91EEDC20B17D}.Release|Any CPU.ActiveCfg = Release|Any CPU
		{F2DCD3FD-38AD-490E-883F-91EEDC20B17D}.Release|Any CPU.Build.0 = Release|Any CPU
	EndGlobalSection
	GlobalSection(SolutionProperties) = preSolution
		HideSolutionNode = FALSE
	EndGlobalSection
	GlobalSection(ExtensibilityGlobals) = postSolution
		SolutionGuid = {0264E806-FA6A-43D3-BC9D-BF5D75BC73E6}
	EndGlobalSection
EndGlobal
